
Microsoft Visual Studio Solution File, Format Version 12.00
# Visual Studio Version 17
VisualStudioVersion = 17.6.33712.159
MinimumVisualStudioVersion = 10.0.40219.1
Project("{FAE04EC0-301F-11D3-BF4B-00C04F79EFBC}") = "Mediator Pattern", "Mediator Pattern.csproj", "{A3B1F8DC-7B7E-4F0A-B140-173BC73873B5}"
EndProject
Global
	GlobalSection(SolutionConfigurationPlatforms) = preSolution
		Debug|Any CPU = Debug|Any CPU
		Release|Any CPU = Release|Any CPU
	EndGlobalSection
	GlobalSection(ProjectConfigurationPlatforms) = postSolution
		{A3B1F8DC-7B7E-4F0A-B140-173BC73873B5}.Debug|Any CPU.ActiveCfg = Debug|Any CPU
		{A3B1F8DC-7B7E-4F0A-B140-173BC73873B5}.Debug|Any CPU.Build.0 = Debug|Any CPU
		{A3B1F8DC-7B7E-4F0A-B140-173BC73873B5}.Release|Any CPU.ActiveCfg = Release|Any CPU
		{A3B1F8DC-7B7E-4F0A-B140-173BC73873B5}.Release|Any CPU.Build.0 = Release|Any CPU
	EndGlobalSection
	GlobalSection(SolutionProperties) = preSolution
		HideSolutionNode = FALSE
	EndGlobalSection
	GlobalSection(ExtensibilityGlobals) = postSolution
		SolutionGuid = {58EF0F1C-6BD3-4F38-AD61-C94810080D97}
	EndGlobalSection
EndGlobal
